
Microsoft Visual Studio Solution File, Format Version 12.00
# Visual Studio Version 16
VisualStudioVersion = 16.0.31829.152
MinimumVisualStudioVersion = 10.0.40219.1
Project("{FAE04EC0-301F-11D3-BF4B-00C04F79EFBC}") = "RecipeAPI", "RecipeAPI\RecipeAPI.csproj", "{B1C8966C-A7AE-498A-821D-FB051CEC62E1}"
EndProject
Project("{FAE04EC0-301F-11D3-BF4B-00C04F79EFBC}") = "RecipeAPIModel", "RecipeAPIModel\RecipeAPIModel.csproj", "{A93C20DE-52E6-4DCD-BEAA-CCD5978B594C}"
EndProject
Global
	GlobalSection(SolutionConfigurationPlatforms) = preSolution
		Debug|Any CPU = Debug|Any CPU
		Release|Any CPU = Release|Any CPU
	EndGlobalSection
	GlobalSection(ProjectConfigurationPlatforms) = postSolution
		{B1C8966C-A7AE-498A-821D-FB051CEC62E1}.Debug|Any CPU.ActiveCfg = Debug|Any CPU
		{B1C8966C-A7AE-498A-821D-FB051CEC62E1}.Debug|Any CPU.Build.0 = Debug|Any CPU
		{B1C8966C-A7AE-498A-821D-FB051CEC62E1}.Release|Any CPU.ActiveCfg = Release|Any CPU
		{B1C8966C-A7AE-498A-821D-FB051CEC62E1}.Release|Any CPU.Build.0 = Release|Any CPU
		{A93C20DE-52E6-4DCD-BEAA-CCD5978B594C}.Debug|Any CPU.ActiveCfg = Debug|Any CPU
		{A93C20DE-52E6-4DCD-BEAA-CCD5978B594C}.Debug|Any CPU.Build.0 = Debug|Any CPU
		{A93C20DE-52E6-4DCD-BEAA-CCD5978B594C}.Release|Any CPU.ActiveCfg = Release|Any CPU
		{A93C20DE-52E6-4DCD-BEAA-CCD5978B594C}.Release|Any CPU.Build.0 = Release|Any CPU
	EndGlobalSection
	GlobalSection(SolutionProperties) = preSolution
		HideSolutionNode = FALSE
	EndGlobalSection
	GlobalSection(ExtensibilityGlobals) = postSolution
		SolutionGuid = {AFE10351-F0DD-4346-9BE7-140C6121DFA2}
	EndGlobalSection
EndGlobal
